PODS:
  - Crisp (2.5.5):
    - Crisp/Crisp (= 2.5.5)
  - Crisp/Crisp (2.5.5)
  - crisp_chat_sdk (0.0.1):
    - Crisp (= 2.5.5)
    - Flutter
  - Flutter (1.0.0)

DEPENDENCIES:
  - crisp_chat_sdk (from `.symlinks/plugins/crisp_chat_sdk/ios`)
  - Flutter (from `Flutter`)

SPEC REPOS:
  trunk:
    - Crisp

EXTERNAL SOURCES:
  crisp_chat_sdk:
    :path: ".symlinks/plugins/crisp_chat_sdk/ios"
  Flutter:
    :path: Flutter

SPEC CHECKSUMS:
  Crisp: dcf7d9e64be6614ceee71c5582f616212ed4a881
  crisp_chat_sdk: 4aa2d6d00b92db93e6164639aae026d195599fc0
  Flutter: e0871f40cf51350855a761d2e70bf5af5b9b5de7

PODFILE CHECKSUM: 378f54048866bda0092f1a4fe6650f2fbbf591d5

COCOAPODS: 1.15.2
